schema: '2.0'
stages:
  model_building:
    cmd: python src/model/model_building.py
    deps:
    - path: data/processed/train.csv
      hash: md5
      md5: 1563ccf41a4dad0528630a9c86cc45fe
      size: 76000
    - path: models/scaler.pkl
      hash: md5
      md5: 3d336a59aa004f7d061d8a22264e6975
      size: 911
    - path: src/model/model_building.py
      hash: md5
      md5: bd54d5582e2ba990a8c17e4964812fe2
      size: 1934
    params:
      params.yaml:
        model_building.parameters.learning_rate: 0.06
        model_building.parameters.max_depth: 3
        model_building.parameters.n_estimators: 100
        model_building.parameters.subsample: 1.0
    outs:
    - path: models/model.pkl
      hash: md5
      md5: 7fc846f29b06b60497aad63e4295c8df
      size: 138076
  model_evaluation:
    cmd: python src/model/model_evaluation.py
    deps:
    - path: data/processed/test.csv
      hash: md5
      md5: bc8653e353c20ce3d317a6591548749a
      size: 25638
    - path: models/model.pkl
      hash: md5
      md5: 7fc846f29b06b60497aad63e4295c8df
      size: 138076
    - path: src/model/model_evaluation.py
      hash: md5
      md5: f1fb42e6a1bcd593055bfc9c082f9d2b
      size: 3577
    outs:
    - path: reports/experiment_info.json
      hash: md5
      md5: f93593909859566f6ae2889728956d9e
      size: 121
    - path: reports/metrics.json
      hash: md5
      md5: 0787cb971dc2f55fc0d2abe5b924ede3
      size: 97
  model_registration:
    cmd: python src/model/register_model.py
    deps:
    - path: models/model.pkl
      hash: md5
      md5: 7fc846f29b06b60497aad63e4295c8df
      size: 138076
    - path: reports/experiment_info.json
      hash: md5
      md5: f93593909859566f6ae2889728956d9e
      size: 121
    - path: reports/metrics.json
      hash: md5
      md5: 0787cb971dc2f55fc0d2abe5b924ede3
      size: 97
    - path: src/model/register_model.py
      hash: md5
      md5: 2fa7792488a94e974a6601cf40526fbd
      size: 4879
    params:
      params.yaml:
        register_model.ACCEPTANCE_CRITERIA.max_rmse: 5400
        register_model.ACCEPTANCE_CRITERIA.min_r2: 0.8
        register_model.MODEL_NAME: InsuranceCostRegressor
